
Microsoft Visual Studio Solution File, Format Version 12.00
# Visual Studio Version 16
VisualStudioVersion = 16.6.30114.105
MinimumVisualStudioVersion = 10.0.40219.1
Project("{FAE04EC0-301F-11D3-BF4B-00C04F79EFBC}") = "API", "API\API.csproj", "{F8235712-2DD0-41B8-B041-EC394903B86F}"
EndProject
Project("{FAE04EC0-301F-11D3-BF4B-00C04F79EFBC}") = "Application", "Application\Application.csproj", "{2B0FCCBF-6FF4-458B-ABF1-F95753133608}"
EndProject
Project("{FAE04EC0-301F-11D3-BF4B-00C04F79EFBC}") = "Domain", "Domain\Domain.csproj", "{842A0001-9B95-4F52-9018-B07077A42D65}"
EndProject
Project("{FAE04EC0-301F-11D3-BF4B-00C04F79EFBC}") = "Persistance", "Persistance\Persistance.csproj", "{F28A93BD-BB4B-4C80-8556-7619391C9856}"
EndProject
Project("{FAE04EC0-301F-11D3-BF4B-00C04F79EFBC}") = "Infrastructure", "Infrastructure\Infrastructure.csproj", "{2F3F0EED-8BC5-4D76-91BB-1127DE66673D}"
EndProject
Global
	GlobalSection(SolutionConfigurationPlatforms) = preSolution
		Debug|Any CPU = Debug|Any CPU
		Debug|x64 = Debug|x64
		Debug|x86 = Debug|x86
		Release|Any CPU = Release|Any CPU
		Release|x64 = Release|x64
		Release|x86 = Release|x86
	EndGlobalSection
	GlobalSection(SolutionProperties) = preSolution
		HideSolutionNode = FALSE
	EndGlobalSection
	GlobalSection(ProjectConfigurationPlatforms) = postSolution
		{F8235712-2DD0-41B8-B041-EC394903B86F}.Debug|Any CPU.ActiveCfg = Debug|Any CPU
		{F8235712-2DD0-41B8-B041-EC394903B86F}.Debug|Any CPU.Build.0 = Debug|Any CPU
		{F8235712-2DD0-41B8-B041-EC394903B86F}.Debug|x64.ActiveCfg = Debug|Any CPU
		{F8235712-2DD0-41B8-B041-EC394903B86F}.Debug|x64.Build.0 = Debug|Any CPU
		{F8235712-2DD0-41B8-B041-EC394903B86F}.Debug|x86.ActiveCfg = Debug|Any CPU
		{F8235712-2DD0-41B8-B041-EC394903B86F}.Debug|x86.Build.0 = Debug|Any CPU
		{F8235712-2DD0-41B8-B041-EC394903B86F}.Release|Any CPU.ActiveCfg = Release|Any CPU
		{F8235712-2DD0-41B8-B041-EC394903B86F}.Release|Any CPU.Build.0 = Release|Any CPU
		{F8235712-2DD0-41B8-B041-EC394903B86F}.Release|x64.ActiveCfg = Release|Any CPU
		{F8235712-2DD0-41B8-B041-EC394903B86F}.Release|x64.Build.0 = Release|Any CPU
		{F8235712-2DD0-41B8-B041-EC394903B86F}.Release|x86.ActiveCfg = Release|Any CPU
		{F8235712-2DD0-41B8-B041-EC394903B86F}.Release|x86.Build.0 = Release|Any CPU
		{2B0FCCBF-6FF4-458B-ABF1-F95753133608}.Debug|Any CPU.ActiveCfg = Debug|Any CPU
		{2B0FCCBF-6FF4-458B-ABF1-F95753133608}.Debug|Any CPU.Build.0 = Debug|Any CPU
		{2B0FCCBF-6FF4-458B-ABF1-F95753133608}.Debug|x64.ActiveCfg = Debug|Any CPU
		{2B0FCCBF-6FF4-458B-ABF1-F95753133608}.Debug|x64.Build.0 = Debug|Any CPU
		{2B0FCCBF-6FF4-458B-ABF1-F95753133608}.Debug|x86.ActiveCfg = Debug|Any CPU
		{2B0FCCBF-6FF4-458B-ABF1-F95753133608}.Debug|x86.Build.0 = Debug|Any CPU
		{2B0FCCBF-6FF4-458B-ABF1-F95753133608}.Release|Any CPU.ActiveCfg = Release|Any CPU
		{2B0FCCBF-6FF4-458B-ABF1-F95753133608}.Release|Any CPU.Build.0 = Release|Any CPU
		{2B0FCCBF-6FF4-458B-ABF1-F95753133608}.Release|x64.ActiveCfg = Release|Any CPU
		{2B0FCCBF-6FF4-458B-ABF1-F95753133608}.Release|x64.Build.0 = Release|Any CPU
		{2B0FCCBF-6FF4-458B-ABF1-F95753133608}.Release|x86.ActiveCfg = Release|Any CPU
		{2B0FCCBF-6FF4-458B-ABF1-F95753133608}.Release|x86.Build.0 = Release|Any CPU
		{842A0001-9B95-4F52-9018-B07077A42D65}.Debug|Any CPU.ActiveCfg = Debug|Any CPU
		{842A0001-9B95-4F52-9018-B07077A42D65}.Debug|Any CPU.Build.0 = Debug|Any CPU
		{842A0001-9B95-4F52-9018-B07077A42D65}.Debug|x64.ActiveCfg = Debug|Any CPU
		{842A0001-9B95-4F52-9018-B07077A42D65}.Debug|x64.Build.0 = Debug|Any CPU
		{842A0001-9B95-4F52-9018-B07077A42D65}.Debug|x86.ActiveCfg = Debug|Any CPU
		{842A0001-9B95-4F52-9018-B07077A42D65}.Debug|x86.Build.0 = Debug|Any CPU
		{842A0001-9B95-4F52-9018-B07077A42D65}.Release|Any CPU.ActiveCfg = Release|Any CPU
		{842A0001-9B95-4F52-9018-B07077A42D65}.Release|Any CPU.Build.0 = Release|Any CPU
		{842A0001-9B95-4F52-9018-B07077A42D65}.Release|x64.ActiveCfg = Release|Any CPU
		{842A0001-9B95-4F52-9018-B07077A42D65}.Release|x64.Build.0 = Release|Any CPU
		{842A0001-9B95-4F52-9018-B07077A42D65}.Release|x86.ActiveCfg = Release|Any CPU
		{842A0001-9B95-4F52-9018-B07077A42D65}.Release|x86.Build.0 = Release|Any CPU
		{F28A93BD-BB4B-4C80-8556-7619391C9856}.Debug|Any CPU.ActiveCfg = Debug|Any CPU
		{F28A93BD-BB4B-4C80-8556-7619391C9856}.Debug|Any CPU.Build.0 = Debug|Any CPU
		{F28A93BD-BB4B-4C80-8556-7619391C9856}.Debug|x64.ActiveCfg = Debug|Any CPU
		{F28A93BD-BB4B-4C80-8556-7619391C9856}.Debug|x64.Build.0 = Debug|Any CPU
		{F28A93BD-BB4B-4C80-8556-7619391C9856}.Debug|x86.ActiveCfg = Debug|Any CPU
		{F28A93BD-BB4B-4C80-8556-7619391C9856}.Debug|x86.Build.0 = Debug|Any CPU
		{F28A93BD-BB4B-4C80-8556-7619391C9856}.Release|Any CPU.ActiveCfg = Release|Any CPU
		{F28A93BD-BB4B-4C80-8556-7619391C9856}.Release|Any CPU.Build.0 = Release|Any CPU
		{F28A93BD-BB4B-4C80-8556-7619391C9856}.Release|x64.ActiveCfg = Release|Any CPU
		{F28A93BD-BB4B-4C80-8556-7619391C9856}.Release|x64.Build.0 = Release|Any CPU
		{F28A93BD-BB4B-4C80-8556-7619391C9856}.Release|x86.ActiveCfg = Release|Any CPU
		{F28A93BD-BB4B-4C80-8556-7619391C9856}.Release|x86.Build.0 = Release|Any CPU
		{2F3F0EED-8BC5-4D76-91BB-1127DE66673D}.Debug|Any CPU.ActiveCfg = Debug|Any CPU
		{2F3F0EED-8BC5-4D76-91BB-1127DE66673D}.Debug|Any CPU.Build.0 = Debug|Any CPU
		{2F3F0EED-8BC5-4D76-91BB-1127DE66673D}.Debug|x64.ActiveCfg = Debug|Any CPU
		{2F3F0EED-8BC5-4D76-91BB-1127DE66673D}.Debug|x64.Build.0 = Debug|Any CPU
		{2F3F0EED-8BC5-4D76-91BB-1127DE66673D}.Debug|x86.ActiveCfg = Debug|Any CPU
		{2F3F0EED-8BC5-4D76-91BB-1127DE66673D}.Debug|x86.Build.0 = Debug|Any CPU
		{2F3F0EED-8BC5-4D76-91BB-1127DE66673D}.Release|Any CPU.ActiveCfg = Release|Any CPU
		{2F3F0EED-8BC5-4D76-91BB-1127DE66673D}.Release|Any CPU.Build.0 = Release|Any CPU
		{2F3F0EED-8BC5-4D76-91BB-1127DE66673D}.Release|x64.ActiveCfg = Release|Any CPU
		{2F3F0EED-8BC5-4D76-91BB-1127DE66673D}.Release|x64.Build.0 = Release|Any CPU
		{2F3F0EED-8BC5-4D76-91BB-1127DE66673D}.Release|x86.ActiveCfg = Release|Any CPU
		{2F3F0EED-8BC5-4D76-91BB-1127DE66673D}.Release|x86.Build.0 = Release|Any CPU
	EndGlobalSection
EndGlobal
